
Microsoft Visual Studio Solution File, Format Version 12.00
# Visual Studio Version 17
VisualStudioVersion = 17.4.33122.133
MinimumVisualStudioVersion = 10.0.40219.1
Project("{FAE04EC0-301F-11D3-BF4B-00C04F79EFBC}") = "BlazorApp.Api", "BlazorApp.Api\BlazorApp.Api.csproj", "{693F69C4-D9B4-4DCE-9340-ABE4CCA77FE8}"
EndProject
Project("{FAE04EC0-301F-11D3-BF4B-00C04F79EFBC}") = "BlazorApp.UI", "BlazorApp.UI\BlazorApp.UI.csproj", "{3AA6A34C-3F5F-4028-8191-FB833E21C44E}"
EndProject
Global
	GlobalSection(SolutionConfigurationPlatforms) = preSolution
		Debug|Any CPU = Debug|Any CPU
		Release|Any CPU = Release|Any CPU
	EndGlobalSection
	GlobalSection(ProjectConfigurationPlatforms) = postSolution
		{693F69C4-D9B4-4DCE-9340-ABE4CCA77FE8}.Debug|Any CPU.ActiveCfg = Debug|Any CPU
		{693F69C4-D9B4-4DCE-9340-ABE4CCA77FE8}.Debug|Any CPU.Build.0 = Debug|Any CPU
		{693F69C4-D9B4-4DCE-9340-ABE4CCA77FE8}.Release|Any CPU.ActiveCfg = Release|Any CPU
		{693F69C4-D9B4-4DCE-9340-ABE4CCA77FE8}.Release|Any CPU.Build.0 = Release|Any CPU
		{3AA6A34C-3F5F-4028-8191-FB833E21C44E}.Debug|Any CPU.ActiveCfg = Debug|Any CPU
		{3AA6A34C-3F5F-4028-8191-FB833E21C44E}.Debug|Any CPU.Build.0 = Debug|Any CPU
		{3AA6A34C-3F5F-4028-8191-FB833E21C44E}.Release|Any CPU.ActiveCfg = Release|Any CPU
		{3AA6A34C-3F5F-4028-8191-FB833E21C44E}.Release|Any CPU.Build.0 = Release|Any CPU
	EndGlobalSection
	GlobalSection(SolutionProperties) = preSolution
		HideSolutionNode = FALSE
	EndGlobalSection
	GlobalSection(ExtensibilityGlobals) = postSolution
		SolutionGuid = {79C982E3-DD45-4D4D-A25C-12C75E710652}
	EndGlobalSection
EndGlobal
